
Microsoft Visual Studio Solution File, Format Version 12.00
# Visual Studio Version 17
VisualStudioVersion = 17.3.32804.467
MinimumVisualStudioVersion = 10.0.40219.1
Project("{FAE04EC0-301F-11D3-BF4B-00C04F79EFBC}") = "CopyDataApp", "CopyDataApp\CopyDataApp.csproj", "{CBC1296A-945F-4392-822A-24D09725CDFE}"
EndProject
Global
	GlobalSection(SolutionConfigurationPlatforms) = preSolution
		Debug|Any CPU = Debug|Any CPU
		Release|Any CPU = Release|Any CPU
	EndGlobalSection
	GlobalSection(ProjectConfigurationPlatforms) = postSolution
		{CBC1296A-945F-4392-822A-24D09725CDFE}.Debug|Any CPU.ActiveCfg = Debug|Any CPU
		{CBC1296A-945F-4392-822A-24D09725CDFE}.Debug|Any CPU.Build.0 = Debug|Any CPU
		{CBC1296A-945F-4392-822A-24D09725CDFE}.Release|Any CPU.ActiveCfg = Release|Any CPU
		{CBC1296A-945F-4392-822A-24D09725CDFE}.Release|Any CPU.Build.0 = Release|Any CPU
	EndGlobalSection
	GlobalSection(SolutionProperties) = preSolution
		HideSolutionNode = FALSE
	EndGlobalSection
	GlobalSection(ExtensibilityGlobals) = postSolution
		SolutionGuid = {1EAA93A9-908D-4A86-9992-4F1B3BAD81EE}
	EndGlobalSection
EndGlobal
